
Microsoft Visual Studio Solution File, Format Version 12.00
# Visual Studio Version 16
VisualStudioVersion = 16.0.31424.327
MinimumVisualStudioVersion = 10.0.40219.1
Project("{FAE04EC0-301F-11D3-BF4B-00C04F79EFBC}") = "FileTrackingSystem.Web", "FileTrackingSystem.Web\FileTrackingSystem.Web.csproj", "{0B1F808A-26FB-4A72-A880-B93B03A3E90D}"
EndProject
Project("{FAE04EC0-301F-11D3-BF4B-00C04F79EFBC}") = "FileTrackingSystem.Models", "FileTrackingSystem.Models\FileTrackingSystem.Models.csproj", "{B885473C-FC01-499E-AB8B-FF0C1FAECC41}"
EndProject
Project("{FAE04EC0-301F-11D3-BF4B-00C04F79EFBC}") = "FileTrackingSystem.DAL", "FileTrackingSystem.DAL\FileTrackingSystem.DAL.csproj", "{80E79B29-199F-434A-9E5F-C17A49C80CBE}"
EndProject
Project("{FAE04EC0-301F-11D3-BF4B-00C04F79EFBC}") = "FileTrackingSystem.BL", "FileTrackingSystem.BL\FileTrackingSystem.BL.csproj", "{450E942B-DF99-4A07-B3BB-36B86C95D49B}"
EndProject
Project("{FAE04EC0-301F-11D3-BF4B-00C04F79EFBC}") = "FileTrackingSystem.Logging", "FileTrackingSystem.Logging\FileTrackingSystem.Logging.csproj", "{E412B9D0-D9BF-4AAF-B2E3-D1B83DDA52CB}"
EndProject
Global
	GlobalSection(SolutionConfigurationPlatforms) = preSolution
		Debug|Any CPU = Debug|Any CPU
		Release|Any CPU = Release|Any CPU
	EndGlobalSection
	GlobalSection(ProjectConfigurationPlatforms) = postSolution
		{0B1F808A-26FB-4A72-A880-B93B03A3E90D}.Debug|Any CPU.ActiveCfg = Debug|Any CPU
		{0B1F808A-26FB-4A72-A880-B93B03A3E90D}.Debug|Any CPU.Build.0 = Debug|Any CPU
		{0B1F808A-26FB-4A72-A880-B93B03A3E90D}.Release|Any CPU.ActiveCfg = Release|Any CPU
		{0B1F808A-26FB-4A72-A880-B93B03A3E90D}.Release|Any CPU.Build.0 = Release|Any CPU
		{B885473C-FC01-499E-AB8B-FF0C1FAECC41}.Debug|Any CPU.ActiveCfg = Debug|Any CPU
		{B885473C-FC01-499E-AB8B-FF0C1FAECC41}.Debug|Any CPU.Build.0 = Debug|Any CPU
		{B885473C-FC01-499E-AB8B-FF0C1FAECC41}.Release|Any CPU.ActiveCfg = Release|Any CPU
		{B885473C-FC01-499E-AB8B-FF0C1FAECC41}.Release|Any CPU.Build.0 = Release|Any CPU
		{80E79B29-199F-434A-9E5F-C17A49C80CBE}.Debug|Any CPU.ActiveCfg = Debug|Any CPU
		{80E79B29-199F-434A-9E5F-C17A49C80CBE}.Debug|Any CPU.Build.0 = Debug|Any CPU
		{80E79B29-199F-434A-9E5F-C17A49C80CBE}.Release|Any CPU.ActiveCfg = Release|Any CPU
		{80E79B29-199F-434A-9E5F-C17A49C80CBE}.Release|Any CPU.Build.0 = Release|Any CPU
		{450E942B-DF99-4A07-B3BB-36B86C95D49B}.Debug|Any CPU.ActiveCfg = Debug|Any CPU
		{450E942B-DF99-4A07-B3BB-36B86C95D49B}.Debug|Any CPU.Build.0 = Debug|Any CPU
		{450E942B-DF99-4A07-B3BB-36B86C95D49B}.Release|Any CPU.ActiveCfg = Release|Any CPU
		{450E942B-DF99-4A07-B3BB-36B86C95D49B}.Release|Any CPU.Build.0 = Release|Any CPU
		{E412B9D0-D9BF-4AAF-B2E3-D1B83DDA52CB}.Debug|Any CPU.ActiveCfg = Debug|Any CPU
		{E412B9D0-D9BF-4AAF-B2E3-D1B83DDA52CB}.Debug|Any CPU.Build.0 = Debug|Any CPU
		{E412B9D0-D9BF-4AAF-B2E3-D1B83DDA52CB}.Release|Any CPU.ActiveCfg = Release|Any CPU
		{E412B9D0-D9BF-4AAF-B2E3-D1B83DDA52CB}.Release|Any CPU.Build.0 = Release|Any CPU
	EndGlobalSection
	GlobalSection(SolutionProperties) = preSolution
		HideSolutionNode = FALSE
	EndGlobalSection
	GlobalSection(ExtensibilityGlobals) = postSolution
		SolutionGuid = {1773FDB3-266B-46AF-BEEE-016CED816188}
	EndGlobalSection
EndGlobal
